
Microsoft Visual Studio Solution File, Format Version 12.00
# Visual Studio Version 17
VisualStudioVersion = 17.5.002.0
MinimumVisualStudioVersion = 10.0.40219.1
Project("{9A19103F-16F7-4668-BE54-9A1E7A4F7556}") = "azure-resume", "azure-resume.csproj", "{76F869CE-82EA-468A-A1B0-E5BD7C543797}"
EndProject
Project("{2150E333-8FDC-42A3-9474-1A3956D46DE8}") = "backend", "backend", "{0F2BB3DA-8729-4E3D-8A58-6AA4A79B1413}"
EndProject
Project("{9A19103F-16F7-4668-BE54-9A1E7A4F7556}") = "api", "backend\api\api.csproj", "{C9D3FC80-86F9-421C-BC6E-2DB8037E9ED1}"
EndProject
Global
	GlobalSection(SolutionConfigurationPlatforms) = preSolution
		Debug|Any CPU = Debug|Any CPU
		Release|Any CPU = Release|Any CPU
	EndGlobalSection
	GlobalSection(ProjectConfigurationPlatforms) = postSolution
		{76F869CE-82EA-468A-A1B0-E5BD7C543797}.Debug|Any CPU.ActiveCfg = Debug|Any CPU
		{76F869CE-82EA-468A-A1B0-E5BD7C543797}.Debug|Any CPU.Build.0 = Debug|Any CPU
		{76F869CE-82EA-468A-A1B0-E5BD7C543797}.Release|Any CPU.ActiveCfg = Release|Any CPU
		{76F869CE-82EA-468A-A1B0-E5BD7C543797}.Release|Any CPU.Build.0 = Release|Any CPU
		{C9D3FC80-86F9-421C-BC6E-2DB8037E9ED1}.Debug|Any CPU.ActiveCfg = Debug|Any CPU
		{C9D3FC80-86F9-421C-BC6E-2DB8037E9ED1}.Debug|Any CPU.Build.0 = Debug|Any CPU
		{C9D3FC80-86F9-421C-BC6E-2DB8037E9ED1}.Release|Any CPU.ActiveCfg = Release|Any CPU
		{C9D3FC80-86F9-421C-BC6E-2DB8037E9ED1}.Release|Any CPU.Build.0 = Release|Any CPU
	EndGlobalSection
	GlobalSection(SolutionProperties) = preSolution
		HideSolutionNode = FALSE
	EndGlobalSection
	GlobalSection(NestedProjects) = preSolution
		{C9D3FC80-86F9-421C-BC6E-2DB8037E9ED1} = {0F2BB3DA-8729-4E3D-8A58-6AA4A79B1413}
	EndGlobalSection
	GlobalSection(ExtensibilityGlobals) = postSolution
		SolutionGuid = {DE0E9BB8-AEDA-4F98-97F3-9B6784449FA6}
	EndGlobalSection
EndGlobal
